// !$*UTF8*$!
{
	archiveVersion = 1;
	classes = {
	};
	objectVersion = 55;
	objects = {

/* Begin PBXBuildFile section */
		F91B37282839195800175019 /* StarCrewApp.swift in Sources */ = {isa = PBXBuildFile; fileRef = F91B37272839195800175019 /* StarCrewApp.swift */; };
		F91B372A2839195800175019 /* ContentView.swift in Sources */ = {isa = PBXBuildFile; fileRef = F91B37292839195800175019 /* ContentView.swift */; };
		F91B372C2839195800175019 /* Assets.xcassets in Resources */ = {isa = PBXBuildFile; fileRef = F91B372B2839195800175019 /* Assets.xcassets */; };
		F91B372F2839195800175019 /* Preview Assets.xcassets in Resources */ = {isa = PBXBuildFile; fileRef = F91B372E2839195800175019 /* Preview Assets.xcassets */; };
		F91B37312839195800175019 /* Persistence.swift in Sources */ = {isa = PBXBuildFile; fileRef = F91B37302839195800175019 /* Persistence.swift */; };
		F91B37342839195900175019 /* StarCrew.xcdatamodeld in Sources */ = {isa = PBXBuildFile; fileRef = F91B37322839195900175019 /* StarCrew.xcdatamodeld */; };
		F91B373D28391A4400175019 /* CloudKit.framework in Frameworks */ = {isa = PBXBuildFile; fileRef = F91B373C28391A4400175019 /* CloudKit.framework */; };
		F91B374028392A1600175019 /* CrewDetailView.swift in Sources */ = {isa = PBXBuildFile; fileRef = F91B373F28392A1600175019 /* CrewDetailView.swift */; };
		F91B374528393F8700175019 /* CaptainListView.swift in Sources */ = {isa = PBXBuildFile; fileRef = F91B374428393F8700175019 /* CaptainListView.swift */; };
		F91B374728396EC400175019 /* CreateCrewView.swift in Sources */ = {isa = PBXBuildFile; fileRef = F91B374628396EC400175019 /* CreateCrewView.swift */; };
		F91B374A2839762E00175019 /* CrewViewModel.swift in Sources */ = {isa = PBXBuildFile; fileRef = F91B37492839762E00175019 /* CrewViewModel.swift */; };
		F91B374C2839839A00175019 /* CreateCaptainView.swift in Sources */ = {isa = PBXBuildFile; fileRef = F91B374B2839839A00175019 /* CreateCaptainView.swift */; };
		F91B374E28398C5700175019 /* FirstMateListView.swift in Sources */ = {isa = PBXBuildFile; fileRef = F91B374D28398C5700175019 /* FirstMateListView.swift */; };
		F91B375028398D7F00175019 /* CreateFirstMateView.swift in Sources */ = {isa = PBXBuildFile; fileRef = F91B374F28398D7F00175019 /* CreateFirstMateView.swift */; };
		F91B37522839B8F400175019 /* CreateSoldierView.swift in Sources */ = {isa = PBXBuildFile; fileRef = F91B37512839B8F400175019 /* CreateSoldierView.swift */; };
		F91B37542839BA9400175019 /* SoldierListView.swift in Sources */ = {isa = PBXBuildFile; fileRef = F91B37532839BA9400175019 /* SoldierListView.swift */; };
		F91B3756283A6EEC00175019 /* EditCrewView.swift in Sources */ = {isa = PBXBuildFile; fileRef = F91B3755283A6EEC00175019 /* EditCrewView.swift */; };
/* End PBXBuildFile section */

/* Begin PBXFileReference section */
		F91B37242839195800175019 /* StarCrew.app */ = {isa = PBXFileReference; explicitFileType = wrapper.application; includeInIndex = 0; path = StarCrew.app; sourceTree = BUILT_PRODUCTS_DIR; };
		F91B37272839195800175019 /* StarCrewApp.swift */ = {isa = PBXFileReference; lastKnownFileType = sourcecode.swift; path = StarCrewApp.swift; sourceTree = "<group>"; };
		F91B37292839195800175019 /* ContentView.swift */ = {isa = PBXFileReference; lastKnownFileType = sourcecode.swift; path = ContentView.swift; sourceTree = "<group>"; };
		F91B372B2839195800175019 /* Assets.xcassets */ = {isa = PBXFileReference; lastKnownFileType = folder.assetcatalog; path = Assets.xcassets; sourceTree = "<group>"; };
		F91B372E2839195800175019 /* Preview Assets.xcassets */ = {isa = PBXFileReference; lastKnownFileType = folder.assetcatalog; path = "Preview Assets.xcassets"; sourceTree = "<group>"; };
		F91B37302839195800175019 /* Persistence.swift */ = {isa = PBXFileReference; lastKnownFileType = sourcecode.swift; path = Persistence.swift; sourceTree = "<group>"; };
		F91B37332839195900175019 /* StarCrew.xcdatamodel */ = {isa = PBXFileReference; lastKnownFileType = wrapper.xcdatamodel; path = StarCrew.xcdatamodel; sourceTree = "<group>"; };
		F91B373A28391A4100175019 /* StarCrew.entitlements */ = {isa = PBXFileReference; lastKnownFileType = text.plist.entitlements; path = StarCrew.entitlements; sourceTree = "<group>"; };
		F91B373C28391A4400175019 /* CloudKit.framework */ = {isa = PBXFileReference; lastKnownFileType = wrapper.framework; name = CloudKit.framework; path = System/Library/Frameworks/CloudKit.framework; sourceTree = SDKROOT; };
		F91B373E28391A6D00175019 /* Info.plist */ = {isa = PBXFileReference; lastKnownFileType = text.plist; path = Info.plist; sourceTree = "<group>"; };
		F91B373F28392A1600175019 /* CrewDetailView.swift */ = {isa = PBXFileReference; lastKnownFileType = sourcecode.swift; path = CrewDetailView.swift; sourceTree = "<group>"; };
		F91B374428393F8700175019 /* CaptainListView.swift */ = {isa = PBXFileReference; lastKnownFileType = sourcecode.swift; path = CaptainListView.swift; sourceTree = "<group>"; };
		F91B374628396EC400175019 /* CreateCrewView.swift */ = {isa = PBXFileReference; lastKnownFileType = sourcecode.swift; path = CreateCrewView.swift; sourceTree = "<group>"; };
		F91B37492839762E00175019 /* CrewViewModel.swift */ = {isa = PBXFileReference; lastKnownFileType = sourcecode.swift; path = CrewViewModel.swift; sourceTree = "<group>"; };
		F91B374B2839839A00175019 /* CreateCaptainView.swift */ = {isa = PBXFileReference; lastKnownFileType = sourcecode.swift; path = CreateCaptainView.swift; sourceTree = "<group>"; };
		F91B374D28398C5700175019 /* FirstMateListView.swift */ = {isa = PBXFileReference; lastKnownFileType = sourcecode.swift; path = FirstMateListView.swift; sourceTree = "<group>"; };
		F91B374F28398D7F00175019 /* CreateFirstMateView.swift */ = {isa = PBXFileReference; lastKnownFileType = sourcecode.swift; path = CreateFirstMateView.swift; sourceTree = "<group>"; };
		F91B37512839B8F400175019 /* CreateSoldierView.swift */ = {isa = PBXFileReference; lastKnownFileType = sourcecode.swift; path = CreateSoldierView.swift; sourceTree = "<group>"; };
		F91B37532839BA9400175019 /* SoldierListView.swift */ = {isa = PBXFileReference; lastKnownFileType = sourcecode.swift; path = SoldierListView.swift; sourceTree = "<group>"; };
		F91B3755283A6EEC00175019 /* EditCrewView.swift */ = {isa = PBXFileReference; lastKnownFileType = sourcecode.swift; path = EditCrewView.swift; sourceTree = "<group>"; };
/* End PBXFileReference section */

/* Begin PBXFrameworksBuildPhase section */
		F91B37212839195800175019 /* Frameworks */ = {
			isa = PBXFrameworksBuildPhase;
			buildActionMask = 2147483647;
			files = (
				F91B373D28391A4400175019 /* CloudKit.framework in Frameworks */,
			);
			runOnlyForDeploymentPostprocessing = 0;
		};
/* End PBXFrameworksBuildPhase section */

/* Begin PBXGroup section */
		F91B371B2839195800175019 = {
			isa = PBXGroup;
			children = (
				F91B37262839195800175019 /* StarCrew */,
				F91B37252839195800175019 /* Products */,
				F91B373B28391A4400175019 /* Frameworks */,
			);
			sourceTree = "<group>";
		};
		F91B37252839195800175019 /* Products */ = {
			isa = PBXGroup;
			children = (
				F91B37242839195800175019 /* StarCrew.app */,
			);
			name = Products;
			sourceTree = "<group>";
		};
		F91B37262839195800175019 /* StarCrew */ = {
			isa = PBXGroup;
			children = (
				F91B37482839761B00175019 /* ViewModels */,
				F91B373E28391A6D00175019 /* Info.plist */,
				F91B373A28391A4100175019 /* StarCrew.entitlements */,
				F91B37272839195800175019 /* StarCrewApp.swift */,
				F91B37292839195800175019 /* ContentView.swift */,
				F91B372B2839195800175019 /* Assets.xcassets */,
				F91B37302839195800175019 /* Persistence.swift */,
				F91B37322839195900175019 /* StarCrew.xcdatamodeld */,
				F91B372D2839195800175019 /* Preview Content */,
				F91B374128393B2E00175019 /* Views */,
			);
			path = StarCrew;
			sourceTree = "<group>";
		};
		F91B372D2839195800175019 /* Preview Content */ = {
			isa = PBXGroup;
			children = (
				F91B372E2839195800175019 /* Preview Assets.xcassets */,
			);
			path = "Preview Content";
			sourceTree = "<group>";
		};
		F91B373B28391A4400175019 /* Frameworks */ = {
			isa = PBXGroup;
			children = (
				F91B373C28391A4400175019 /* CloudKit.framework */,
			);
			name = Frameworks;
			sourceTree = "<group>";
		};
		F91B374128393B2E00175019 /* Views */ = {
			isa = PBXGroup;
			children = (
				F91B373F28392A1600175019 /* CrewDetailView.swift */,
				F91B374428393F8700175019 /* CaptainListView.swift */,
				F91B374628396EC400175019 /* CreateCrewView.swift */,
				F91B374B2839839A00175019 /* CreateCaptainView.swift */,
				F91B374D28398C5700175019 /* FirstMateListView.swift */,
				F91B374F28398D7F00175019 /* CreateFirstMateView.swift */,
				F91B37512839B8F400175019 /* CreateSoldierView.swift */,
				F91B37532839BA9400175019 /* SoldierListView.swift */,
				F91B3755283A6EEC00175019 /* EditCrewView.swift */,
			);
			path = Views;
			sourceTree = "<group>";
		};
		F91B37482839761B00175019 /* ViewModels */ = {
			isa = PBXGroup;
			children = (
				F91B37492839762E00175019 /* CrewViewModel.swift */,
			);
			path = ViewModels;
			sourceTree = "<group>";
		};
/* End PBXGroup section */

/* Begin PBXNativeTarget section */
		F91B37232839195800175019 /* StarCrew */ = {
			isa = PBXNativeTarget;
			buildConfigurationList = F91B37372839195900175019 /* Build configuration list for PBXNativeTarget "StarCrew" */;
			buildPhases = (
				F91B37202839195800175019 /* Sources */,
				F91B37212839195800175019 /* Frameworks */,
				F91B37222839195800175019 /* Resources */,
			);
			buildRules = (
			);
			dependencies = (
			);
			name = StarCrew;
			productName = StarCrew;
			productReference = F91B37242839195800175019 /* StarCrew.app */;
			productType = "com.apple.product-type.application";
		};
/* End PBXNativeTarget section */

/* Begin PBXProject section */
		F91B371C2839195800175019 /* Project object */ = {
			isa = PBXProject;
			attributes = {
				BuildIndependentTargetsInParallel = 1;
				LastSwiftUpdateCheck = 1340;
				LastUpgradeCheck = 1340;
				TargetAttributes = {
					F91B37232839195800175019 = {
						CreatedOnToolsVersion = 13.4;
					};
				};
			};
			buildConfigurationList = F91B371F2839195800175019 /* Build configuration list for PBXProject "StarCrew" */;
			compatibilityVersion = "Xcode 13.0";
			developmentRegion = en;
			hasScannedForEncodings = 0;
			knownRegions = (
				en,
				Base,
			);
			mainGroup = F91B371B2839195800175019;
			productRefGroup = F91B37252839195800175019 /* Products */;
			projectDirPath = "";
			projectRoot = "";
			targets = (
				F91B37232839195800175019 /* StarCrew */,
			);
		};
/* End PBXProject section */

/* Begin PBXResourcesBuildPhase section */
		F91B37222839195800175019 /* Resources */ = {
			isa = PBXResourcesBuildPhase;
			buildActionMask = 2147483647;
			files = (
				F91B372F2839195800175019 /* Preview Assets.xcassets in Resources */,
				F91B372C2839195800175019 /* Assets.xcassets in Resources */,
			);
			runOnlyForDeploymentPostprocessing = 0;
		};
/* End PBXResourcesBuildPhase section */

/* Begin PBXSourcesBuildPhase section */
		F91B37202839195800175019 /* Sources */ = {
			isa = PBXSourcesBuildPhase;
			buildActionMask = 2147483647;
			files = (
				F91B37342839195900175019 /* StarCrew.xcdatamodeld in Sources */,
				F91B37312839195800175019 /* Persistence.swift in Sources */,
				F91B372A2839195800175019 /* ContentView.swift in Sources */,
				F91B374A2839762E00175019 /* CrewViewModel.swift in Sources */,
				F91B374528393F8700175019 /* CaptainListView.swift in Sources */,
				F91B374028392A1600175019 /* CrewDetailView.swift in Sources */,
				F91B375028398D7F00175019 /* CreateFirstMateView.swift in Sources */,
				F91B37542839BA9400175019 /* SoldierListView.swift in Sources */,
				F91B37522839B8F400175019 /* CreateSoldierView.swift in Sources */,
				F91B374E28398C5700175019 /* FirstMateListView.swift in Sources */,
				F91B374728396EC400175019 /* CreateCrewView.swift in Sources */,
				F91B37282839195800175019 /* StarCrewApp.swift in Sources */,
				F91B374C2839839A00175019 /* CreateCaptainView.swift in Sources */,
				F91B3756283A6EEC00175019 /* EditCrewView.swift in Sources */,
			);
			runOnlyForDeploymentPostprocessing = 0;
		};
/* End PBXSourcesBuildPhase section */

/* Begin XCBuildConfiguration section */
		F91B37352839195900175019 /* Debug */ = {
			isa = XCBuildConfiguration;
			buildSettings = {
				ALWAYS_SEARCH_USER_PATHS = NO;
				CLANG_ANALYZER_NONNULL = YES;
				CLANG_ANALYZER_NUMBER_OBJECT_CONVERSION = YES_AGGRESSIVE;
				CLANG_CXX_LANGUAGE_STANDARD = "gnu++17";
				CLANG_ENABLE_MODULES = YES;
				CLANG_ENABLE_OBJC_ARC = YES;
				CLANG_ENABLE_OBJC_WEAK = YES;
				CLANG_WARN_BLOCK_CAPTURE_AUTORELEASING = YES;
				CLANG_WARN_BOOL_CONVERSION = YES;
				CLANG_WARN_COMMA = YES;
				CLANG_WARN_CONSTANT_CONVERSION = YES;
				CLANG_WARN_DEPRECATED_OBJC_IMPLEMENTATIONS = YES;
				CLANG_WARN_DIRECT_OBJC_ISA_USAGE = YES_ERROR;
				CLANG_WARN_DOCUMENTATION_COMMENTS = YES;
				CLANG_WARN_EMPTY_BODY = YES;
				CLANG_WARN_ENUM_CONVERSION = YES;
				CLANG_WARN_INFINITE_RECURSION = YES;
				CLANG_WARN_INT_CONVERSION = YES;
				CLANG_WARN_NON_LITERAL_NULL_CONVERSION = YES;
				CLANG_WARN_OBJC_IMPLICIT_RETAIN_SELF = YES;
				CLANG_WARN_OBJC_LITERAL_CONVERSION = YES;
				CLANG_WARN_OBJC_ROOT_CLASS = YES_ERROR;
				CLANG_WARN_QUOTED_INCLUDE_IN_FRAMEWORK_HEADER = YES;
				CLANG_WARN_RANGE_LOOP_ANALYSIS = YES;
				CLANG_WARN_STRICT_PROTOTYPES = YES;
				CLANG_WARN_SUSPICIOUS_MOVE = YES;
				CLANG_WARN_UNGUARDED_AVAILABILITY = YES_AGGRESSIVE;
				CLANG_WARN_UNREACHABLE_CODE = YES;
				CLANG_WARN__DUPLICATE_METHOD_MATCH = YES;
				COPY_PHASE_STRIP = NO;
				DEBUG_INFORMATION_FORMAT = dwarf;
				ENABLE_STRICT_OBJC_MSGSEND = YES;
				ENABLE_TESTABILITY = YES;
				GCC_C_LANGUAGE_STANDARD = gnu11;
				GCC_DYNAMIC_NO_PIC = NO;
				GCC_NO_COMMON_BLOCKS = YES;
				GCC_OPTIMIZATION_LEVEL = 0;
				GCC_PREPROCESSOR_DEFINITIONS = (
					"DEBUG=1",
					"$(inherited)",
				);
				GCC_WARN_64_TO_32_BIT_CONVERSION = YES;
				GCC_WARN_ABOUT_RETURN_TYPE = YES_ERROR;
				GCC_WARN_UNDECLARED_SELECTOR = YES;
				GCC_WARN_UNINITIALIZED_AUTOS = YES_AGGRESSIVE;
				GCC_WARN_UNUSED_FUNCTION = YES;
				GCC_WARN_UNUSED_VARIABLE = YES;
				IPHONEOS_DEPLOYMENT_TARGET = 15.5;
				MTL_ENABLE_DEBUG_INFO = INCLUDE_SOURCE;
				MTL_FAST_MATH = YES;
				ONLY_ACTIVE_ARCH = YES;
				SDKROOT = iphoneos;
				SWIFT_ACTIVE_COMPILATION_CONDITIONS = DEBUG;
				SWIFT_OPTIMIZATION_LEVEL = "-Onone";
			};
			name = Debug;
		};
		F91B37362839195900175019 /* Release */ = {
			isa = XCBuildConfiguration;
			buildSettings = {
				ALWAYS_SEARCH_USER_PATHS = NO;
				CLANG_ANALYZER_NONNULL = YES;
				CLANG_ANALYZER_NUMBER_OBJECT_CONVERSION = YES_AGGRESSIVE;
				CLANG_CXX_LANGUAGE_STANDARD = "gnu++17";
				CLANG_ENABLE_MODULES = YES;
				CLANG_ENABLE_OBJC_ARC = YES;
				CLANG_ENABLE_OBJC_WEAK = YES;
				CLANG_WARN_BLOCK_CAPTURE_AUTORELEASING = YES;
				CLANG_WARN_BOOL_CONVERSION = YES;
				CLANG_WARN_COMMA = YES;
				CLANG_WARN_CONSTANT_CONVERSION = YES;
				CLANG_WARN_DEPRECATED_OBJC_IMPLEMENTATIONS = YES;
				CLANG_WARN_DIRECT_OBJC_ISA_USAGE = YES_ERROR;
				CLANG_WARN_DOCUMENTATION_COMMENTS = YES;
				CLANG_WARN_EMPTY_BODY = YES;
				CLANG_WARN_ENUM_CONVERSION = YES;
				CLANG_WARN_INFINITE_RECURSION = YES;
				CLANG_WARN_INT_CONVERSION = YES;
				CLANG_WARN_NON_LITERAL_NULL_CONVERSION = YES;
				CLANG_WARN_OBJC_IMPLICIT_RETAIN_SELF = YES;
				CLANG_WARN_OBJC_LITERAL_CONVERSION = YES;
				CLANG_WARN_OBJC_ROOT_CLASS = YES_ERROR;
				CLANG_WARN_QUOTED_INCLUDE_IN_FRAMEWORK_HEADER = YES;
				CLANG_WARN_RANGE_LOOP_ANALYSIS = YES;
				CLANG_WARN_STRICT_PROTOTYPES = YES;
				CLANG_WARN_SUSPICIOUS_MOVE = YES;
				CLANG_WARN_UNGUARDED_AVAILABILITY = YES_AGGRESSIVE;
				CLANG_WARN_UNREACHABLE_CODE = YES;
				CLANG_WARN__DUPLICATE_METHOD_MATCH = YES;
				COPY_PHASE_STRIP = NO;
				DEBUG_INFORMATION_FORMAT = "dwarf-with-dsym";
				ENABLE_NS_ASSERTIONS = NO;
				ENABLE_STRICT_OBJC_MSGSEND = YES;
				GCC_C_LANGUAGE_STANDARD = gnu11;
				GCC_NO_COMMON_BLOCKS = YES;
				GCC_WARN_64_TO_32_BIT_CONVERSION = YES;
				GCC_WARN_ABOUT_RETURN_TYPE = YES_ERROR;
				GCC_WARN_UNDECLARED_SELECTOR = YES;
				GCC_WARN_UNINITIALIZED_AUTOS = YES_AGGRESSIVE;
				GCC_WARN_UNUSED_FUNCTION = YES;
				GCC_WARN_UNUSED_VARIABLE = YES;
				IPHONEOS_DEPLOYMENT_TARGET = 15.5;
				MTL_ENABLE_DEBUG_INFO = NO;
				MTL_FAST_MATH = YES;
				SDKROOT = iphoneos;
				SWIFT_COMPILATION_MODE = wholemodule;
				SWIFT_OPTIMIZATION_LEVEL = "-O";
				VALIDATE_PRODUCT = YES;
			};
			name = Release;
		};
		F91B37382839195900175019 /* Debug */ = {
			isa = XCBuildConfiguration;
			buildSettings = {
				ASSETCATALOG_COMPILER_APPICON_NAME = AppIcon;
				ASSETCATALOG_COMPILER_GLOBAL_ACCENT_COLOR_NAME = AccentColor;
				CODE_SIGN_ENTITLEMENTS = StarCrew/StarCrew.entitlements;
				CODE_SIGN_STYLE = Automatic;
				CURRENT_PROJECT_VERSION = 1;
				DEVELOPMENT_ASSET_PATHS = "\"StarCrew/Preview Content\"";
				DEVELOPMENT_TEAM = 7SGM899LTH;
				ENABLE_PREVIEWS = YES;
				GENERATE_INFOPLIST_FILE = YES;
				INFOPLIST_FILE = StarCrew/Info.plist;
				INFOPLIST_KEY_UIApplicationSceneManifest_Generation = YES;
				INFOPLIST_KEY_UIApplicationSupportsIndirectInputEvents = YES;
				INFOPLIST_KEY_UILaunchScreen_Generation = YES;
				INFOPLIST_KEY_UISupportedInterfaceOrientations = UIInterfaceOrientationPortrait;
				INFOPLIST_KEY_UISupportedInterfaceOrientations_iPad = "UIInterfaceOrientationPortrait UIInterfaceOrientationPortraitUpsideDown UIInterfaceOrientationLandscapeLeft UIInterfaceOrientationLandscapeRight";
				INFOPLIST_KEY_UISupportedInterfaceOrientations_iPhone = "UIInterfaceOrientationPortrait UIInterfaceOrientationLandscapeLeft UIInterfaceOrientationLandscapeRight";
				LD_RUNPATH_SEARCH_PATHS = (
					"$(inherited)",
					"@executable_path/Frameworks",
				);
				MARKETING_VERSION = 1.0;
				PRODUCT_BUNDLE_IDENTIFIER = com.adamsadler.StarCrew;
				PRODUCT_NAME = "$(TARGET_NAME)";
				SWIFT_EMIT_LOC_STRINGS = YES;
				SWIFT_VERSION = 5.0;
				TARGETED_DEVICE_FAMILY = "1,2";
			};
			name = Debug;
		};
		F91B37392839195900175019 /* Release */ = {
			isa = XCBuildConfiguration;
			buildSettings = {
				ASSETCATALOG_COMPILER_APPICON_NAME = AppIcon;
				ASSETCATALOG_COMPILER_GLOBAL_ACCENT_COLOR_NAME = AccentColor;
				CODE_SIGN_ENTITLEMENTS = StarCrew/StarCrew.entitlements;
				CODE_SIGN_STYLE = Automatic;
				CURRENT_PROJECT_VERSION = 1;
				DEVELOPMENT_ASSET_PATHS = "\"StarCrew/Preview Content\"";
				DEVELOPMENT_TEAM = 7SGM899LTH;
				ENABLE_PREVIEWS = YES;
				GENERATE_INFOPLIST_FILE = YES;
				INFOPLIST_FILE = StarCrew/Info.plist;
				INFOPLIST_KEY_UIApplicationSceneManifest_Generation = YES;
				INFOPLIST_KEY_UIApplicationSupportsIndirectInputEvents = YES;
				INFOPLIST_KEY_UILaunchScreen_Generation = YES;
				INFOPLIST_KEY_UISupportedInterfaceOrientations = UIInterfaceOrientationPortrait;
				INFOPLIST_KEY_UISupportedInterfaceOrientations_iPad = "UIInterfaceOrientationPortrait UIInterfaceOrientationPortraitUpsideDown UIInterfaceOrientationLandscapeLeft UIInterfaceOrientationLandscapeRight";
				INFOPLIST_KEY_UISupportedInterfaceOrientations_iPhone = "UIInterfaceOrientationPortrait UIInterfaceOrientationLandscapeLeft UIInterfaceOrientationLandscapeRight";
				LD_RUNPATH_SEARCH_PATHS = (
					"$(inherited)",
					"@executable_path/Frameworks",
				);
				MARKETING_VERSION = 1.0;
				PRODUCT_BUNDLE_IDENTIFIER = com.adamsadler.StarCrew;
				PRODUCT_NAME = "$(TARGET_NAME)";
				SWIFT_EMIT_LOC_STRINGS = YES;
				SWIFT_VERSION = 5.0;
				TARGETED_DEVICE_FAMILY = "1,2";
			};
			name = Release;
		};
/* End XCBuildConfiguration section */

/* Begin XCConfigurationList section */
		F91B371F2839195800175019 /* Build configuration list for PBXProject "StarCrew" */ = {
			isa = XCConfigurationList;
			buildConfigurations = (
				F91B37352839195900175019 /* Debug */,
				F91B37362839195900175019 /* Release */,
			);
			defaultConfigurationIsVisible = 0;
			defaultConfigurationName = Release;
		};
		F91B37372839195900175019 /* Build configuration list for PBXNativeTarget "StarCrew" */ = {
			isa = XCConfigurationList;
			buildConfigurations = (
				F91B37382839195900175019 /* Debug */,
				F91B37392839195900175019 /* Release */,
			);
			defaultConfigurationIsVisible = 0;
			defaultConfigurationName = Release;
		};
/* End XCConfigurationList section */

/* Begin XCVersionGroup section */
		F91B37322839195900175019 /* StarCrew.xcdatamodeld */ = {
			isa = XCVersionGroup;
			children = (
				F91B37332839195900175019 /* StarCrew.xcdatamodel */,
			);
			currentVersion = F91B37332839195900175019 /* StarCrew.xcdatamodel */;
			path = StarCrew.xcdatamodeld;
			sourceTree = "<group>";
			versionGroupType = wrapper.xcdatamodel;
		};
/* End XCVersionGroup section */
	};
	rootObject = F91B371C2839195800175019 /* Project object */;
}
